
Microsoft Visual Studio Solution File, Format Version 12.00
# Visual Studio Version 17
VisualStudioVersion = 17.8.34330.188
MinimumVisualStudioVersion = 10.0.40219.1
Project("{9A19103F-16F7-4668-BE54-9A1E7A4F7556}") = "AzureStorageLibrary", "AzureStorageLibrary\AzureStorageLibrary.csproj", "{ACB93A28-7295-4382-BD26-69136EAE1FE5}"
EndProject
Project("{9A19103F-16F7-4668-BE54-9A1E7A4F7556}") = "WebApp", "WebApp\WebApp.csproj", "{A60EE29C-6126-4BC4-8DC3-A726B6A3E19A}"
EndProject
Project("{FAE04EC0-301F-11D3-BF4B-00C04F79EFBC}") = "WatermarkQueueFunction", "WatermarkQueueFunction\WatermarkQueueFunction.csproj", "{44BA2B77-A7A7-4518-A4A2-4CA3CEB8B785}"
EndProject
Global
	GlobalSection(SolutionConfigurationPlatforms) = preSolution
		Debug|Any CPU = Debug|Any CPU
		Release|Any CPU = Release|Any CPU
	EndGlobalSection
	GlobalSection(ProjectConfigurationPlatforms) = postSolution
		{ACB93A28-7295-4382-BD26-69136EAE1FE5}.Debug|Any CPU.ActiveCfg = Debug|Any CPU
		{ACB93A28-7295-4382-BD26-69136EAE1FE5}.Debug|Any CPU.Build.0 = Debug|Any CPU
		{ACB93A28-7295-4382-BD26-69136EAE1FE5}.Release|Any CPU.ActiveCfg = Release|Any CPU
		{ACB93A28-7295-4382-BD26-69136EAE1FE5}.Release|Any CPU.Build.0 = Release|Any CPU
		{A60EE29C-6126-4BC4-8DC3-A726B6A3E19A}.Debug|Any CPU.ActiveCfg = Debug|Any CPU
		{A60EE29C-6126-4BC4-8DC3-A726B6A3E19A}.Debug|Any CPU.Build.0 = Debug|Any CPU
		{A60EE29C-6126-4BC4-8DC3-A726B6A3E19A}.Release|Any CPU.ActiveCfg = Release|Any CPU
		{A60EE29C-6126-4BC4-8DC3-A726B6A3E19A}.Release|Any CPU.Build.0 = Release|Any CPU
		{44BA2B77-A7A7-4518-A4A2-4CA3CEB8B785}.Debug|Any CPU.ActiveCfg = Debug|Any CPU
		{44BA2B77-A7A7-4518-A4A2-4CA3CEB8B785}.Debug|Any CPU.Build.0 = Debug|Any CPU
		{44BA2B77-A7A7-4518-A4A2-4CA3CEB8B785}.Release|Any CPU.ActiveCfg = Release|Any CPU
		{44BA2B77-A7A7-4518-A4A2-4CA3CEB8B785}.Release|Any CPU.Build.0 = Release|Any CPU
	EndGlobalSection
	GlobalSection(SolutionProperties) = preSolution
		HideSolutionNode = FALSE
	EndGlobalSection
	GlobalSection(ExtensibilityGlobals) = postSolution
		SolutionGuid = {FCBEAC28-96D1-4A52-9E6E-72BABE4F438B}
	EndGlobalSection
EndGlobal
